PODS:
  - app_links (1.0.0):
    - FlutterMacOS
  - FlutterMacOS (1.0.0)
  - rust_lib_daisy (0.0.1):
    - FlutterMacOS
  - url_launcher_macos (0.0.1):
    - FlutterMacOS

DEPENDENCIES:
  - app_links (from `Flutter/ephemeral/.symlinks/plugins/app_links/macos`)
  - FlutterMacOS (from `Flutter/ephemeral`)
  - rust_lib_daisy (from `Flutter/ephemeral/.symlinks/plugins/rust_lib_daisy/macos`)
  - url_launcher_macos (from `Flutter/ephemeral/.symlinks/plugins/url_launcher_macos/macos`)

EXTERNAL SOURCES:
  app_links:
    :path: Flutter/ephemeral/.symlinks/plugins/app_links/macos
  FlutterMacOS:
    :path: Flutter/ephemeral
  rust_lib_daisy:
    :path: Flutter/ephemeral/.symlinks/plugins/rust_lib_daisy/macos
  url_launcher_macos:
    :path: Flutter/ephemeral/.symlinks/plugins/url_launcher_macos/macos

SPEC CHECKSUMS:
  app_links: 9028728e32c83a0831d9db8cf91c526d16cc5468
  FlutterMacOS: 8f6f14fa908a6fb3fba0cd85dbd81ec4b251fb24
  rust_lib_daisy: 298d38ff648463f2713a3f44350fdf4d578ea640
  url_launcher_macos: 0fba8ddabfc33ce0a9afe7c5fef5aab3d8d2d673

PODFILE CHECKSUM: 236401fc2c932af29a9fcf0e97baeeb2d750d367

COCOAPODS: 1.16.2
