PODS:
  - Flutter (1.0.0)
  - integration_test (0.0.1):
    - Flutter
  - permission_handler_apple (9.1.1):
    - Flutter
  - rust_lib_daisy (0.0.1):
    - Flutter
  - uni_links (0.0.1):
    - Flutter
  - url_launcher_ios (0.0.1):
    - Flutter

DEPENDENCIES:
  - Flutter (from `Flutter`)
  - integration_test (from `.symlinks/plugins/integration_test/ios`)
  - permission_handler_apple (from `.symlinks/plugins/permission_handler_apple/ios`)
  - rust_lib_daisy (from `.symlinks/plugins/rust_lib_daisy/ios`)
  - uni_links (from `.symlinks/plugins/uni_links/ios`)
  - url_launcher_ios (from `.symlinks/plugins/url_launcher_ios/ios`)

EXTERNAL SOURCES:
  Flutter:
    :path: Flutter
  integration_test:
    :path: ".symlinks/plugins/integration_test/ios"
  permission_handler_apple:
    :path: ".symlinks/plugins/permission_handler_apple/ios"
  rust_lib_daisy:
    :path: ".symlinks/plugins/rust_lib_daisy/ios"
  uni_links:
    :path: ".symlinks/plugins/uni_links/ios"
  url_launcher_ios:
    :path: ".symlinks/plugins/url_launcher_ios/ios"

SPEC CHECKSUMS:
  Flutter: e0871f40cf51350855a761d2e70bf5af5b9b5de7
  integration_test: 252f60fa39af5e17c3aa9899d35d908a0721b573
  permission_handler_apple: e76247795d700c14ea09e3a2d8855d41ee80a2e6
  rust_lib_daisy: 048cc12d674cb34a6248b36d96cf8ee4b9ab20fe
  uni_links: d97da20c7701486ba192624d99bffaaffcfc298a
  url_launcher_ios: 5334b05cef931de560670eeae103fd3e431ac3fe

PODFILE CHECKSUM: 819463e6a0290f5a72f145ba7cde16e8b6ef0796

COCOAPODS: 1.15.2
