PODS:
  - app_links (0.0.2):
    - Flutter
  - Flutter (1.0.0)
  - integration_test (0.0.1):
    - Flutter
  - permission_handler_apple (9.3.0):
    - Flutter
  - rust_lib_daisy (0.0.1):
    - Flutter
  - url_launcher_ios (0.0.1):
    - Flutter

DEPENDENCIES:
  - app_links (from `.symlinks/plugins/app_links/ios`)
  - Flutter (from `Flutter`)
  - integration_test (from `.symlinks/plugins/integration_test/ios`)
  - permission_handler_apple (from `.symlinks/plugins/permission_handler_apple/ios`)
  - rust_lib_daisy (from `.symlinks/plugins/rust_lib_daisy/ios`)
  - url_launcher_ios (from `.symlinks/plugins/url_launcher_ios/ios`)

EXTERNAL SOURCES:
  app_links:
    :path: ".symlinks/plugins/app_links/ios"
  Flutter:
    :path: Flutter
  integration_test:
    :path: ".symlinks/plugins/integration_test/ios"
  permission_handler_apple:
    :path: ".symlinks/plugins/permission_handler_apple/ios"
  rust_lib_daisy:
    :path: ".symlinks/plugins/rust_lib_daisy/ios"
  url_launcher_ios:
    :path: ".symlinks/plugins/url_launcher_ios/ios"

SPEC CHECKSUMS:
  app_links: e7a6750a915a9e161c58d91bc610e8cd1d4d0ad0
  Flutter: e0871f40cf51350855a761d2e70bf5af5b9b5de7
  integration_test: 252f60fa39af5e17c3aa9899d35d908a0721b573
  permission_handler_apple: 9878588469a2b0d0fc1e048d9f43605f92e6cec2
  rust_lib_daisy: 048cc12d674cb34a6248b36d96cf8ee4b9ab20fe
  url_launcher_ios: 5334b05cef931de560670eeae103fd3e431ac3fe

PODFILE CHECKSUM: ae551281e5b33bf963462ec5f471bb5a1a0d223b

COCOAPODS: 1.15.2
